
Microsoft Visual Studio Solution File, Format Version 12.00
# Visual Studio 15
VisualStudioVersion = 15.0.27703.2018
MinimumVisualStudioVersion = 10.0.40219.1
Project("{8BC9CEB8-8B4A-11D0-8D11-00A0C91BC942}") = "EmbeddedProject4", "EmbeddedProject4\EmbeddedProject4.vcxproj", "{8D48C9FE-9AEA-4D30-ACF0-FD8D38CEB6C0}"
EndProject
Global
	GlobalSection(SolutionConfigurationPlatforms) = preSolution
		Debug|VisualGDB = Debug|VisualGDB
		Release|VisualGDB = Release|VisualGDB
	EndGlobalSection
	GlobalSection(ProjectConfigurationPlatforms) = postSolution
		{8D48C9FE-9AEA-4D30-ACF0-FD8D38CEB6C0}.Debug|VisualGDB.ActiveCfg = Debug|VisualGDB
		{8D48C9FE-9AEA-4D30-ACF0-FD8D38CEB6C0}.Debug|VisualGDB.Build.0 = Debug|VisualGDB
		{8D48C9FE-9AEA-4D30-ACF0-FD8D38CEB6C0}.Release|VisualGDB.ActiveCfg = Release|VisualGDB
		{8D48C9FE-9AEA-4D30-ACF0-FD8D38CEB6C0}.Release|VisualGDB.Build.0 = Release|VisualGDB
	EndGlobalSection
	GlobalSection(SolutionProperties) = preSolution
		HideSolutionNode = FALSE
	EndGlobalSection
	GlobalSection(ExtensibilityGlobals) = postSolution
		SolutionGuid = {630F14C5-5BE6-4E6B-9C79-9079860FFFFA}
	EndGlobalSection
EndGlobal
